
Microsoft Visual Studio Solution File, Format Version 12.00
# Visual Studio Version 16
VisualStudioVersion = 16.0.30711.63
MinimumVisualStudioVersion = 10.0.40219.1
Project("{9A19103F-16F7-4668-BE54-9A1E7A4F7556}") = "FoodChainBrandsAPI", "FoodChainBrandsAPI.csproj", "{C7B54BF6-AB85-4DCC-8237-B5A5D38F5B77}"
EndProject
Project("{FAE04EC0-301F-11D3-BF4B-00C04F79EFBC}") = "FoodChainAPI.Core", "..\FoodChainAPI.Core\FoodChainAPI.Core.csproj", "{530C0D73-0EC9-4A75-A233-C0F689E73727}"
EndProject
Project("{FAE04EC0-301F-11D3-BF4B-00C04F79EFBC}") = "FoodChainAPI.Infrastructure", "..\FoodChainAPI.Infrastructure\FoodChainAPI.Infrastructure.csproj", "{A63480FA-97FE-42BA-B4C4-9E0D04DEA0CE}"
EndProject
Global
	GlobalSection(SolutionConfigurationPlatforms) = preSolution
		Debug|Any CPU = Debug|Any CPU
		Release|Any CPU = Release|Any CPU
	EndGlobalSection
	GlobalSection(ProjectConfigurationPlatforms) = postSolution
		{C7B54BF6-AB85-4DCC-8237-B5A5D38F5B77}.Debug|Any CPU.ActiveCfg = Debug|Any CPU
		{C7B54BF6-AB85-4DCC-8237-B5A5D38F5B77}.Debug|Any CPU.Build.0 = Debug|Any CPU
		{C7B54BF6-AB85-4DCC-8237-B5A5D38F5B77}.Release|Any CPU.ActiveCfg = Release|Any CPU
		{C7B54BF6-AB85-4DCC-8237-B5A5D38F5B77}.Release|Any CPU.Build.0 = Release|Any CPU
		{530C0D73-0EC9-4A75-A233-C0F689E73727}.Debug|Any CPU.ActiveCfg = Debug|Any CPU
		{530C0D73-0EC9-4A75-A233-C0F689E73727}.Debug|Any CPU.Build.0 = Debug|Any CPU
		{530C0D73-0EC9-4A75-A233-C0F689E73727}.Release|Any CPU.ActiveCfg = Release|Any CPU
		{530C0D73-0EC9-4A75-A233-C0F689E73727}.Release|Any CPU.Build.0 = Release|Any CPU
		{A63480FA-97FE-42BA-B4C4-9E0D04DEA0CE}.Debug|Any CPU.ActiveCfg = Debug|Any CPU
		{A63480FA-97FE-42BA-B4C4-9E0D04DEA0CE}.Debug|Any CPU.Build.0 = Debug|Any CPU
		{A63480FA-97FE-42BA-B4C4-9E0D04DEA0CE}.Release|Any CPU.ActiveCfg = Release|Any CPU
		{A63480FA-97FE-42BA-B4C4-9E0D04DEA0CE}.Release|Any CPU.Build.0 = Release|Any CPU
	EndGlobalSection
	GlobalSection(SolutionProperties) = preSolution
		HideSolutionNode = FALSE
	EndGlobalSection
	GlobalSection(ExtensibilityGlobals) = postSolution
		SolutionGuid = {21D3B9CF-1C8A-4BEC-821C-C6FCC3EBEB3D}
	EndGlobalSection
EndGlobal
